
Microsoft Visual Studio Solution File, Format Version 12.00
# Visual Studio 15
VisualStudioVersion = 15.0.28307.421
MinimumVisualStudioVersion = 10.0.40219.1
Project("{FAE04EC0-301F-11D3-BF4B-00C04F79EFBC}") = "CodeFirstSample", "CodeFirstSample\CodeFirstSample.csproj", "{6FE3E455-710C-4831-BEE0-E2C1A72F967C}"
EndProject
Global
	GlobalSection(SolutionConfigurationPlatforms) = preSolution
		Debug|Any CPU = Debug|Any CPU
		Release|Any CPU = Release|Any CPU
	EndGlobalSection
	GlobalSection(ProjectConfigurationPlatforms) = postSolution
		{6FE3E455-710C-4831-BEE0-E2C1A72F967C}.Debug|Any CPU.ActiveCfg = Debug|Any CPU
		{6FE3E455-710C-4831-BEE0-E2C1A72F967C}.Debug|Any CPU.Build.0 = Debug|Any CPU
		{6FE3E455-710C-4831-BEE0-E2C1A72F967C}.Release|Any CPU.ActiveCfg = Release|Any CPU
		{6FE3E455-710C-4831-BEE0-E2C1A72F967C}.Release|Any CPU.Build.0 = Release|Any CPU
	EndGlobalSection
	GlobalSection(SolutionProperties) = preSolution
		HideSolutionNode = FALSE
	EndGlobalSection
	GlobalSection(ExtensibilityGlobals) = postSolution
		SolutionGuid = {9E0D6C89-133A-4E21-9FE7-15A5B3B67453}
	EndGlobalSection
EndGlobal
